// !$*UTF8*$!
{
	archiveVersion = 1;
	classes = {
	};
	objectVersion = 46;
	objects = {

/* Begin PBXBuildFile section */
		3C1FF4911F86A9AE00D0A63D /* GenericFunctions.m in Sources */ = {isa = PBXBuildFile; fileRef = 3C1FF4901F86A9AE00D0A63D /* GenericFunctions.m */; };
		3C6C2D301F85EFD800639647 /* main.m in Sources */ = {isa = PBXBuildFile; fileRef = 3C6C2D2F1F85EFD800639647 /* main.m */; };
		3C6C2D331F85EFD800639647 /* AppDelegate.m in Sources */ = {isa = PBXBuildFile; fileRef = 3C6C2D321F85EFD800639647 /* AppDelegate.m */; };
		3C6C2D361F85EFD800639647 /* CalendarViewController.m in Sources */ = {isa = PBXBuildFile; fileRef = 3C6C2D351F85EFD800639647 /* CalendarViewController.m */; };
		3C6C2D3B1F85EFD800639647 /* Assets.xcassets in Resources */ = {isa = PBXBuildFile; fileRef = 3C6C2D3A1F85EFD800639647 /* Assets.xcassets */; };
		3C6C2D3E1F85EFD800639647 /* LaunchScreen.storyboard in Resources */ = {isa = PBXBuildFile; fileRef = 3C6C2D3C1F85EFD800639647 /* LaunchScreen.storyboard */; };
		3C6C2D491F85EFD900639647 /* VDCalendarTests.m in Sources */ = {isa = PBXBuildFile; fileRef = 3C6C2D481F85EFD900639647 /* VDCalendarTests.m */; };
		3C6C2D541F85EFD900639647 /* VDCalendarUITests.m in Sources */ = {isa = PBXBuildFile; fileRef = 3C6C2D531F85EFD900639647 /* VDCalendarUITests.m */; };
		3CEF4A3E1F86998F00D8BA48 /* DateDataManager.m in Sources */ = {isa = PBXBuildFile; fileRef = 3CEF4A3D1F86998F00D8BA48 /* DateDataManager.m */; };
/* End PBXBuildFile section */

/* Begin PBXContainerItemProxy section */
		3C6C2D451F85EFD900639647 /* PBXContainerItemProxy */ = {
			isa = PBXContainerItemProxy;
			containerPortal = 3C6C2D231F85EFD800639647 /* Project object */;
			proxyType = 1;
			remoteGlobalIDString = 3C6C2D2A1F85EFD800639647;
			remoteInfo = VDCalendar;
		};
		3C6C2D501F85EFD900639647 /* PBXContainerItemProxy */ = {
			isa = PBXContainerItemProxy;
			containerPortal = 3C6C2D231F85EFD800639647 /* Project object */;
			proxyType = 1;
			remoteGlobalIDString = 3C6C2D2A1F85EFD800639647;
			remoteInfo = VDCalendar;
		};
/* End PBXContainerItemProxy section */

/* Begin PBXFileReference section */
		3C1FF48F1F86A9AE00D0A63D /* GenericFunctions.h */ = {isa = PBXFileReference; fileEncoding = 4; lastKnownFileType = sourcecode.c.h; path = GenericFunctions.h; sourceTree = "<group>"; };
		3C1FF4901F86A9AE00D0A63D /* GenericFunctions.m */ = {isa = PBXFileReference; fileEncoding = 4; lastKnownFileType = sourcecode.c.objc; path = GenericFunctions.m; sourceTree = "<group>"; };
		3C1FF4921F86BA9A00D0A63D /* CalendarPrefixHeader.pch */ = {isa = PBXFileReference; fileEncoding = 4; lastKnownFileType = sourcecode.c.h; path = CalendarPrefixHeader.pch; sourceTree = "<group>"; };
		3C6C2D2B1F85EFD800639647 /* VDCalendar.app */ = {isa = PBXFileReference; explicitFileType = wrapper.application; includeInIndex = 0; path = VDCalendar.app; sourceTree = BUILT_PRODUCTS_DIR; };
		3C6C2D2F1F85EFD800639647 /* main.m */ = {isa = PBXFileReference; lastKnownFileType = sourcecode.c.objc; path = main.m; sourceTree = "<group>"; };
		3C6C2D311F85EFD800639647 /* AppDelegate.h */ = {isa = PBXFileReference; lastKnownFileType = sourcecode.c.h; path = AppDelegate.h; sourceTree = "<group>"; };
		3C6C2D321F85EFD800639647 /* AppDelegate.m */ = {isa = PBXFileReference; lastKnownFileType = sourcecode.c.objc; path = AppDelegate.m; sourceTree = "<group>"; };
		3C6C2D341F85EFD800639647 /* CalendarViewController.h */ = {isa = PBXFileReference; lastKnownFileType = sourcecode.c.h; path = CalendarViewController.h; sourceTree = "<group>"; };
		3C6C2D351F85EFD800639647 /* CalendarViewController.m */ = {isa = PBXFileReference; lastKnownFileType = sourcecode.c.objc; path = CalendarViewController.m; sourceTree = "<group>"; };
		3C6C2D3A1F85EFD800639647 /* Assets.xcassets */ = {isa = PBXFileReference; lastKnownFileType = folder.assetcatalog; path = Assets.xcassets; sourceTree = "<group>"; };
		3C6C2D3D1F85EFD800639647 /* Base */ = {isa = PBXFileReference; lastKnownFileType = file.storyboard; name = Base; path = Base.lproj/LaunchScreen.storyboard; sourceTree = "<group>"; };
		3C6C2D3F1F85EFD800639647 /* Info.plist */ = {isa = PBXFileReference; lastKnownFileType = text.plist.xml; path = Info.plist; sourceTree = "<group>"; };
		3C6C2D441F85EFD900639647 /* VDCalendarTests.xctest */ = {isa = PBXFileReference; explicitFileType = wrapper.cfbundle; includeInIndex = 0; path = VDCalendarTests.xctest; sourceTree = BUILT_PRODUCTS_DIR; };
		3C6C2D481F85EFD900639647 /* VDCalendarTests.m */ = {isa = PBXFileReference; lastKnownFileType = sourcecode.c.objc; path = VDCalendarTests.m; sourceTree = "<group>"; };
		3C6C2D4A1F85EFD900639647 /* Info.plist */ = {isa = PBXFileReference; lastKnownFileType = text.plist.xml; path = Info.plist; sourceTree = "<group>"; };
		3C6C2D4F1F85EFD900639647 /* VDCalendarUITests.xctest */ = {isa = PBXFileReference; explicitFileType = wrapper.cfbundle; includeInIndex = 0; path = VDCalendarUITests.xctest; sourceTree = BUILT_PRODUCTS_DIR; };
		3C6C2D531F85EFD900639647 /* VDCalendarUITests.m */ = {isa = PBXFileReference; lastKnownFileType = sourcecode.c.objc; path = VDCalendarUITests.m; sourceTree = "<group>"; };
		3C6C2D551F85EFD900639647 /* Info.plist */ = {isa = PBXFileReference; lastKnownFileType = text.plist.xml; path = Info.plist; sourceTree = "<group>"; };
		3CEF4A3C1F86998F00D8BA48 /* DateDataManager.h */ = {isa = PBXFileReference; fileEncoding = 4; lastKnownFileType = sourcecode.c.h; path = DateDataManager.h; sourceTree = "<group>"; };
		3CEF4A3D1F86998F00D8BA48 /* DateDataManager.m */ = {isa = PBXFileReference; fileEncoding = 4; lastKnownFileType = sourcecode.c.objc; path = DateDataManager.m; sourceTree = "<group>"; };
/* End PBXFileReference section */

/* Begin PBXFrameworksBuildPhase section */
		3C6C2D281F85EFD800639647 /* Frameworks */ = {
			isa = PBXFrameworksBuildPhase;
			buildActionMask = 2147483647;
			files = (
			);
			runOnlyForDeploymentPostprocessing = 0;
		};
		3C6C2D411F85EFD900639647 /* Frameworks */ = {
			isa = PBXFrameworksBuildPhase;
			buildActionMask = 2147483647;
			files = (
			);
			runOnlyForDeploymentPostprocessing = 0;
		};
		3C6C2D4C1F85EFD900639647 /* Frameworks */ = {
			isa = PBXFrameworksBuildPhase;
			buildActionMask = 2147483647;
			files = (
			);
			runOnlyForDeploymentPostprocessing = 0;
		};
/* End PBXFrameworksBuildPhase section */

/* Begin PBXGroup section */
		3C1FF48E1F86A99B00D0A63D /* GenericClasses */ = {
			isa = PBXGroup;
			children = (
				3C1FF48F1F86A9AE00D0A63D /* GenericFunctions.h */,
				3C1FF4901F86A9AE00D0A63D /* GenericFunctions.m */,
			);
			name = GenericClasses;
			sourceTree = "<group>";
		};
		3C6C2D221F85EFD800639647 = {
			isa = PBXGroup;
			children = (
				3C6C2D2D1F85EFD800639647 /* VDCalendar */,
				3C6C2D471F85EFD900639647 /* VDCalendarTests */,
				3C6C2D521F85EFD900639647 /* VDCalendarUITests */,
				3C6C2D2C1F85EFD800639647 /* Products */,
			);
			sourceTree = "<group>";
		};
		3C6C2D2C1F85EFD800639647 /* Products */ = {
			isa = PBXGroup;
			children = (
				3C6C2D2B1F85EFD800639647 /* VDCalendar.app */,
				3C6C2D441F85EFD900639647 /* VDCalendarTests.xctest */,
				3C6C2D4F1F85EFD900639647 /* VDCalendarUITests.xctest */,
			);
			name = Products;
			sourceTree = "<group>";
		};
		3C6C2D2D1F85EFD800639647 /* VDCalendar */ = {
			isa = PBXGroup;
			children = (
				3C1FF48E1F86A99B00D0A63D /* GenericClasses */,
				3CEF4A3B1F86995A00D8BA48 /* DataManagers */,
				3C6C2D311F85EFD800639647 /* AppDelegate.h */,
				3C6C2D321F85EFD800639647 /* AppDelegate.m */,
				3C6C2D341F85EFD800639647 /* CalendarViewController.h */,
				3C6C2D351F85EFD800639647 /* CalendarViewController.m */,
				3C6C2D3A1F85EFD800639647 /* Assets.xcassets */,
				3C6C2D3C1F85EFD800639647 /* LaunchScreen.storyboard */,
				3C6C2D3F1F85EFD800639647 /* Info.plist */,
				3C6C2D2E1F85EFD800639647 /* Supporting Files */,
				3C1FF4921F86BA9A00D0A63D /* CalendarPrefixHeader.pch */,
			);
			path = VDCalendar;
			sourceTree = "<group>";
		};
		3C6C2D2E1F85EFD800639647 /* Supporting Files */ = {
			isa = PBXGroup;
			children = (
				3C6C2D2F1F85EFD800639647 /* main.m */,
			);
			name = "Supporting Files";
			sourceTree = "<group>";
		};
		3C6C2D471F85EFD900639647 /* VDCalendarTests */ = {
			isa = PBXGroup;
			children = (
				3C6C2D481F85EFD900639647 /* VDCalendarTests.m */,
				3C6C2D4A1F85EFD900639647 /* Info.plist */,
			);
			path = VDCalendarTests;
			sourceTree = "<group>";
		};
		3C6C2D521F85EFD900639647 /* VDCalendarUITests */ = {
			isa = PBXGroup;
			children = (
				3C6C2D531F85EFD900639647 /* VDCalendarUITests.m */,
				3C6C2D551F85EFD900639647 /* Info.plist */,
			);
			path = VDCalendarUITests;
			sourceTree = "<group>";
		};
		3CEF4A3B1F86995A00D8BA48 /* DataManagers */ = {
			isa = PBXGroup;
			children = (
				3CEF4A3C1F86998F00D8BA48 /* DateDataManager.h */,
				3CEF4A3D1F86998F00D8BA48 /* DateDataManager.m */,
			);
			name = DataManagers;
			sourceTree = "<group>";
		};
/* End PBXGroup section */

/* Begin PBXNativeTarget section */
		3C6C2D2A1F85EFD800639647 /* VDCalendar */ = {
			isa = PBXNativeTarget;
			buildConfigurationList = 3C6C2D581F85EFD900639647 /* Build configuration list for PBXNativeTarget "VDCalendar" */;
			buildPhases = (
				3C6C2D271F85EFD800639647 /* Sources */,
				3C6C2D281F85EFD800639647 /* Frameworks */,
				3C6C2D291F85EFD800639647 /* Resources */,
			);
			buildRules = (
			);
			dependencies = (
			);
			name = VDCalendar;
			productName = VDCalendar;
			productReference = 3C6C2D2B1F85EFD800639647 /* VDCalendar.app */;
			productType = "com.apple.product-type.application";
		};
		3C6C2D431F85EFD900639647 /* VDCalendarTests */ = {
			isa = PBXNativeTarget;
			buildConfigurationList = 3C6C2D5B1F85EFD900639647 /* Build configuration list for PBXNativeTarget "VDCalendarTests" */;
			buildPhases = (
				3C6C2D401F85EFD900639647 /* Sources */,
				3C6C2D411F85EFD900639647 /* Frameworks */,
				3C6C2D421F85EFD900639647 /* Resources */,
			);
			buildRules = (
			);
			dependencies = (
				3C6C2D461F85EFD900639647 /* PBXTargetDependency */,
			);
			name = VDCalendarTests;
			productName = VDCalendarTests;
			productReference = 3C6C2D441F85EFD900639647 /* VDCalendarTests.xctest */;
			productType = "com.apple.product-type.bundle.unit-test";
		};
		3C6C2D4E1F85EFD900639647 /* VDCalendarUITests */ = {
			isa = PBXNativeTarget;
			buildConfigurationList = 3C6C2D5E1F85EFD900639647 /* Build configuration list for PBXNativeTarget "VDCalendarUITests" */;
			buildPhases = (
				3C6C2D4B1F85EFD900639647 /* Sources */,
				3C6C2D4C1F85EFD900639647 /* Frameworks */,
				3C6C2D4D1F85EFD900639647 /* Resources */,
			);
			buildRules = (
			);
			dependencies = (
				3C6C2D511F85EFD900639647 /* PBXTargetDependency */,
			);
			name = VDCalendarUITests;
			productName = VDCalendarUITests;
			productReference = 3C6C2D4F1F85EFD900639647 /* VDCalendarUITests.xctest */;
			productType = "com.apple.product-type.bundle.ui-testing";
		};
/* End PBXNativeTarget section */

/* Begin PBXProject section */
		3C6C2D231F85EFD800639647 /* Project object */ = {
			isa = PBXProject;
			attributes = {
				LastUpgradeCheck = 0830;
				ORGANIZATIONNAME = startrek;
				TargetAttributes = {
					3C6C2D2A1F85EFD800639647 = {
						CreatedOnToolsVersion = 8.3.3;
						DevelopmentTeam = S8836B4HA9;
						ProvisioningStyle = Automatic;
					};
					3C6C2D431F85EFD900639647 = {
						CreatedOnToolsVersion = 8.3.3;
						DevelopmentTeam = S8836B4HA9;
						ProvisioningStyle = Automatic;
						TestTargetID = 3C6C2D2A1F85EFD800639647;
					};
					3C6C2D4E1F85EFD900639647 = {
						CreatedOnToolsVersion = 8.3.3;
						DevelopmentTeam = S8836B4HA9;
						ProvisioningStyle = Automatic;
						TestTargetID = 3C6C2D2A1F85EFD800639647;
					};
				};
			};
			buildConfigurationList = 3C6C2D261F85EFD800639647 /* Build configuration list for PBXProject "VDCalendar" */;
			compatibilityVersion = "Xcode 3.2";
			developmentRegion = English;
			hasScannedForEncodings = 0;
			knownRegions = (
				en,
				Base,
			);
			mainGroup = 3C6C2D221F85EFD800639647;
			productRefGroup = 3C6C2D2C1F85EFD800639647 /* Products */;
			projectDirPath = "";
			projectRoot = "";
			targets = (
				3C6C2D2A1F85EFD800639647 /* VDCalendar */,
				3C6C2D431F85EFD900639647 /* VDCalendarTests */,
				3C6C2D4E1F85EFD900639647 /* VDCalendarUITests */,
			);
		};
/* End PBXProject section */

/* Begin PBXResourcesBuildPhase section */
		3C6C2D291F85EFD800639647 /* Resources */ = {
			isa = PBXResourcesBuildPhase;
			buildActionMask = 2147483647;
			files = (
				3C6C2D3E1F85EFD800639647 /* LaunchScreen.storyboard in Resources */,
				3C6C2D3B1F85EFD800639647 /* Assets.xcassets in Resources */,
			);
			runOnlyForDeploymentPostprocessing = 0;
		};
		3C6C2D421F85EFD900639647 /* Resources */ = {
			isa = PBXResourcesBuildPhase;
			buildActionMask = 2147483647;
			files = (
			);
			runOnlyForDeploymentPostprocessing = 0;
		};
		3C6C2D4D1F85EFD900639647 /* Resources */ = {
			isa = PBXResourcesBuildPhase;
			buildActionMask = 2147483647;
			files = (
			);
			runOnlyForDeploymentPostprocessing = 0;
		};
/* End PBXResourcesBuildPhase section */

/* Begin PBXSourcesBuildPhase section */
		3C6C2D271F85EFD800639647 /* Sources */ = {
			isa = PBXSourcesBuildPhase;
			buildActionMask = 2147483647;
			files = (
				3C6C2D361F85EFD800639647 /* CalendarViewController.m in Sources */,
				3C6C2D331F85EFD800639647 /* AppDelegate.m in Sources */,
				3C1FF4911F86A9AE00D0A63D /* GenericFunctions.m in Sources */,
				3C6C2D301F85EFD800639647 /* main.m in Sources */,
				3CEF4A3E1F86998F00D8BA48 /* DateDataManager.m in Sources */,
			);
			runOnlyForDeploymentPostprocessing = 0;
		};
		3C6C2D401F85EFD900639647 /* Sources */ = {
			isa = PBXSourcesBuildPhase;
			buildActionMask = 2147483647;
			files = (
				3C6C2D491F85EFD900639647 /* VDCalendarTests.m in Sources */,
			);
			runOnlyForDeploymentPostprocessing = 0;
		};
		3C6C2D4B1F85EFD900639647 /* Sources */ = {
			isa = PBXSourcesBuildPhase;
			buildActionMask = 2147483647;
			files = (
				3C6C2D541F85EFD900639647 /* VDCalendarUITests.m in Sources */,
			);
			runOnlyForDeploymentPostprocessing = 0;
		};
/* End PBXSourcesBuildPhase section */

/* Begin PBXTargetDependency section */
		3C6C2D461F85EFD900639647 /* PBXTargetDependency */ = {
			isa = PBXTargetDependency;
			target = 3C6C2D2A1F85EFD800639647 /* VDCalendar */;
			targetProxy = 3C6C2D451F85EFD900639647 /* PBXContainerItemProxy */;
		};
		3C6C2D511F85EFD900639647 /* PBXTargetDependency */ = {
			isa = PBXTargetDependency;
			target = 3C6C2D2A1F85EFD800639647 /* VDCalendar */;
			targetProxy = 3C6C2D501F85EFD900639647 /* PBXContainerItemProxy */;
		};
/* End PBXTargetDependency section */

/* Begin PBXVariantGroup section */
		3C6C2D3C1F85EFD800639647 /* LaunchScreen.storyboard */ = {
			isa = PBXVariantGroup;
			children = (
				3C6C2D3D1F85EFD800639647 /* Base */,
			);
			name = LaunchScreen.storyboard;
			sourceTree = "<group>";
		};
/* End PBXVariantGroup section */

/* Begin XCBuildConfiguration section */
		3C6C2D561F85EFD900639647 /* Debug */ = {
			isa = XCBuildConfiguration;
			buildSettings = {
				ALWAYS_SEARCH_USER_PATHS = NO;
				CLANG_ANALYZER_NONNULL = YES;
				CLANG_ANALYZER_NUMBER_OBJECT_CONVERSION = YES_AGGRESSIVE;
				CLANG_CXX_LANGUAGE_STANDARD = "gnu++0x";
				CLANG_CXX_LIBRARY = "libc++";
				CLANG_ENABLE_MODULES = YES;
				CLANG_ENABLE_OBJC_ARC = YES;
				CLANG_WARN_BOOL_CONVERSION = YES;
				CLANG_WARN_CONSTANT_CONVERSION = YES;
				CLANG_WARN_DIRECT_OBJC_ISA_USAGE = YES_ERROR;
				CLANG_WARN_DOCUMENTATION_COMMENTS = YES;
				CLANG_WARN_EMPTY_BODY = YES;
				CLANG_WARN_ENUM_CONVERSION = YES;
				CLANG_WARN_INFINITE_RECURSION = YES;
				CLANG_WARN_INT_CONVERSION = YES;
				CLANG_WARN_OBJC_ROOT_CLASS = YES_ERROR;
				CLANG_WARN_SUSPICIOUS_MOVE = YES;
				CLANG_WARN_UNREACHABLE_CODE = YES;
				CLANG_WARN__DUPLICATE_METHOD_MATCH = YES;
				"CODE_SIGN_IDENTITY[sdk=iphoneos*]" = "iPhone Developer";
				COPY_PHASE_STRIP = NO;
				DEBUG_INFORMATION_FORMAT = dwarf;
				ENABLE_STRICT_OBJC_MSGSEND = YES;
				ENABLE_TESTABILITY = YES;
				GCC_C_LANGUAGE_STANDARD = gnu99;
				GCC_DYNAMIC_NO_PIC = NO;
				GCC_NO_COMMON_BLOCKS = YES;
				GCC_OPTIMIZATION_LEVEL = 0;
				GCC_PREPROCESSOR_DEFINITIONS = (
					"DEBUG=1",
					"$(inherited)",
				);
				GCC_WARN_64_TO_32_BIT_CONVERSION = YES;
				GCC_WARN_ABOUT_RETURN_TYPE = YES_ERROR;
				GCC_WARN_UNDECLARED_SELECTOR = YES;
				GCC_WARN_UNINITIALIZED_AUTOS = YES_AGGRESSIVE;
				GCC_WARN_UNUSED_FUNCTION = YES;
				GCC_WARN_UNUSED_VARIABLE = YES;
				IPHONEOS_DEPLOYMENT_TARGET = 10.3;
				MTL_ENABLE_DEBUG_INFO = YES;
				ONLY_ACTIVE_ARCH = YES;
				SDKROOT = iphoneos;
			};
			name = Debug;
		};
		3C6C2D571F85EFD900639647 /* Release */ = {
			isa = XCBuildConfiguration;
			buildSettings = {
				ALWAYS_SEARCH_USER_PATHS = NO;
				CLANG_ANALYZER_NONNULL = YES;
				CLANG_ANALYZER_NUMBER_OBJECT_CONVERSION = YES_AGGRESSIVE;
				CLANG_CXX_LANGUAGE_STANDARD = "gnu++0x";
				CLANG_CXX_LIBRARY = "libc++";
				CLANG_ENABLE_MODULES = YES;
				CLANG_ENABLE_OBJC_ARC = YES;
				CLANG_WARN_BOOL_CONVERSION = YES;
				CLANG_WARN_CONSTANT_CONVERSION = YES;
				CLANG_WARN_DIRECT_OBJC_ISA_USAGE = YES_ERROR;
				CLANG_WARN_DOCUMENTATION_COMMENTS = YES;
				CLANG_WARN_EMPTY_BODY = YES;
				CLANG_WARN_ENUM_CONVERSION = YES;
				CLANG_WARN_INFINITE_RECURSION = YES;
				CLANG_WARN_INT_CONVERSION = YES;
				CLANG_WARN_OBJC_ROOT_CLASS = YES_ERROR;
				CLANG_WARN_SUSPICIOUS_MOVE = YES;
				CLANG_WARN_UNREACHABLE_CODE = YES;
				CLANG_WARN__DUPLICATE_METHOD_MATCH = YES;
				"CODE_SIGN_IDENTITY[sdk=iphoneos*]" = "iPhone Developer";
				COPY_PHASE_STRIP = NO;
				DEBUG_INFORMATION_FORMAT = "dwarf-with-dsym";
				ENABLE_NS_ASSERTIONS = NO;
				ENABLE_STRICT_OBJC_MSGSEND = YES;
				GCC_C_LANGUAGE_STANDARD = gnu99;
				GCC_NO_COMMON_BLOCKS = YES;
				GCC_WARN_64_TO_32_BIT_CONVERSION = YES;
				GCC_WARN_ABOUT_RETURN_TYPE = YES_ERROR;
				GCC_WARN_UNDECLARED_SELECTOR = YES;
				GCC_WARN_UNINITIALIZED_AUTOS = YES_AGGRESSIVE;
				GCC_WARN_UNUSED_FUNCTION = YES;
				GCC_WARN_UNUSED_VARIABLE = YES;
				IPHONEOS_DEPLOYMENT_TARGET = 10.3;
				MTL_ENABLE_DEBUG_INFO = NO;
				SDKROOT = iphoneos;
				VALIDATE_PRODUCT = YES;
			};
			name = Release;
		};
		3C6C2D591F85EFD900639647 /* Debug */ = {
			isa = XCBuildConfiguration;
			buildSettings = {
				ASSETCATALOG_COMPILER_APPICON_NAME = AppIcon;
				DEVELOPMENT_TEAM = S8836B4HA9;
				GCC_PREFIX_HEADER = "$(SRCROOT)/VDCalendar/CalendarPrefixHeader.pch";
				INFOPLIST_FILE = VDCalendar/Info.plist;
				LD_RUNPATH_SEARCH_PATHS = "$(inherited) @executable_path/Frameworks";
				PRODUCT_BUNDLE_IDENTIFIER = com.startrek.VDCalendar;
				PRODUCT_NAME = "$(TARGET_NAME)";
			};
			name = Debug;
		};
		3C6C2D5A1F85EFD900639647 /* Release */ = {
			isa = XCBuildConfiguration;
			buildSettings = {
				ASSETCATALOG_COMPILER_APPICON_NAME = AppIcon;
				DEVELOPMENT_TEAM = S8836B4HA9;
				GCC_PREFIX_HEADER = "$(SRCROOT)/VDCalendar/CalendarPrefixHeader.pch";
				INFOPLIST_FILE = VDCalendar/Info.plist;
				LD_RUNPATH_SEARCH_PATHS = "$(inherited) @executable_path/Frameworks";
				PRODUCT_BUNDLE_IDENTIFIER = com.startrek.VDCalendar;
				PRODUCT_NAME = "$(TARGET_NAME)";
			};
			name = Release;
		};
		3C6C2D5C1F85EFD900639647 /* Debug */ = {
			isa = XCBuildConfiguration;
			buildSettings = {
				BUNDLE_LOADER = "$(TEST_HOST)";
				DEVELOPMENT_TEAM = S8836B4HA9;
				INFOPLIST_FILE = VDCalendarTests/Info.plist;
				LD_RUNPATH_SEARCH_PATHS = "$(inherited) @executable_path/Frameworks @loader_path/Frameworks";
				PRODUCT_BUNDLE_IDENTIFIER = com.startrek.VDCalendarTests;
				PRODUCT_NAME = "$(TARGET_NAME)";
				TEST_HOST = "$(BUILT_PRODUCTS_DIR)/VDCalendar.app/VDCalendar";
			};
			name = Debug;
		};
		3C6C2D5D1F85EFD900639647 /* Release */ = {
			isa = XCBuildConfiguration;
			buildSettings = {
				BUNDLE_LOADER = "$(TEST_HOST)";
				DEVELOPMENT_TEAM = S8836B4HA9;
				INFOPLIST_FILE = VDCalendarTests/Info.plist;
				LD_RUNPATH_SEARCH_PATHS = "$(inherited) @executable_path/Frameworks @loader_path/Frameworks";
				PRODUCT_BUNDLE_IDENTIFIER = com.startrek.VDCalendarTests;
				PRODUCT_NAME = "$(TARGET_NAME)";
				TEST_HOST = "$(BUILT_PRODUCTS_DIR)/VDCalendar.app/VDCalendar";
			};
			name = Release;
		};
		3C6C2D5F1F85EFD900639647 /* Debug */ = {
			isa = XCBuildConfiguration;
			buildSettings = {
				DEVELOPMENT_TEAM = S8836B4HA9;
				INFOPLIST_FILE = VDCalendarUITests/Info.plist;
				LD_RUNPATH_SEARCH_PATHS = "$(inherited) @executable_path/Frameworks @loader_path/Frameworks";
				PRODUCT_BUNDLE_IDENTIFIER = com.startrek.VDCalendarUITests;
				PRODUCT_NAME = "$(TARGET_NAME)";
				TEST_TARGET_NAME = VDCalendar;
			};
			name = Debug;
		};
		3C6C2D601F85EFD900639647 /* Release */ = {
			isa = XCBuildConfiguration;
			buildSettings = {
				DEVELOPMENT_TEAM = S8836B4HA9;
				INFOPLIST_FILE = VDCalendarUITests/Info.plist;
				LD_RUNPATH_SEARCH_PATHS = "$(inherited) @executable_path/Frameworks @loader_path/Frameworks";
				PRODUCT_BUNDLE_IDENTIFIER = com.startrek.VDCalendarUITests;
				PRODUCT_NAME = "$(TARGET_NAME)";
				TEST_TARGET_NAME = VDCalendar;
			};
			name = Release;
		};
/* End XCBuildConfiguration section */

/* Begin XCConfigurationList section */
		3C6C2D261F85EFD800639647 /* Build configuration list for PBXProject "VDCalendar" */ = {
			isa = XCConfigurationList;
			buildConfigurations = (
				3C6C2D561F85EFD900639647 /* Debug */,
				3C6C2D571F85EFD900639647 /* Release */,
			);
			defaultConfigurationIsVisible = 0;
			defaultConfigurationName = Release;
		};
		3C6C2D581F85EFD900639647 /* Build configuration list for PBXNativeTarget "VDCalendar" */ = {
			isa = XCConfigurationList;
			buildConfigurations = (
				3C6C2D591F85EFD900639647 /* Debug */,
				3C6C2D5A1F85EFD900639647 /* Release */,
			);
			defaultConfigurationIsVisible = 0;
			defaultConfigurationName = Release;
		};
		3C6C2D5B1F85EFD900639647 /* Build configuration list for PBXNativeTarget "VDCalendarTests" */ = {
			isa = XCConfigurationList;
			buildConfigurations = (
				3C6C2D5C1F85EFD900639647 /* Debug */,
				3C6C2D5D1F85EFD900639647 /* Release */,
			);
			defaultConfigurationIsVisible = 0;
			defaultConfigurationName = Release;
		};
		3C6C2D5E1F85EFD900639647 /* Build configuration list for PBXNativeTarget "VDCalendarUITests" */ = {
			isa = XCConfigurationList;
			buildConfigurations = (
				3C6C2D5F1F85EFD900639647 /* Debug */,
				3C6C2D601F85EFD900639647 /* Release */,
			);
			defaultConfigurationIsVisible = 0;
			defaultConfigurationName = Release;
		};
/* End XCConfigurationList section */
	};
	rootObject = 3C6C2D231F85EFD800639647 /* Project object */;
}
